
Microsoft Visual Studio Solution File, Format Version 12.00
# Visual Studio Version 17
VisualStudioVersion = 17.8.34330.188
MinimumVisualStudioVersion = 10.0.40219.1
Project("{FAE04EC0-301F-11D3-BF4B-00C04F79EFBC}") = "Restoran", "Restoran\Restoran.csproj", "{0B6B376B-FFB7-4D36-8FB2-EFD7B9CE0653}"
EndProject
Global
	GlobalSection(SolutionConfigurationPlatforms) = preSolution
		Debug|Any CPU = Debug|Any CPU
		Release|Any CPU = Release|Any CPU
	EndGlobalSection
	GlobalSection(ProjectConfigurationPlatforms) = postSolution
		{0B6B376B-FFB7-4D36-8FB2-EFD7B9CE0653}.Debug|Any CPU.ActiveCfg = Debug|Any CPU
		{0B6B376B-FFB7-4D36-8FB2-EFD7B9CE0653}.Debug|Any CPU.Build.0 = Debug|Any CPU
		{0B6B376B-FFB7-4D36-8FB2-EFD7B9CE0653}.Release|Any CPU.ActiveCfg = Release|Any CPU
		{0B6B376B-FFB7-4D36-8FB2-EFD7B9CE0653}.Release|Any CPU.Build.0 = Release|Any CPU
	EndGlobalSection
	GlobalSection(SolutionProperties) = preSolution
		HideSolutionNode = FALSE
	EndGlobalSection
	GlobalSection(ExtensibilityGlobals) = postSolution
		SolutionGuid = {A01E0C25-7641-443D-9511-53A19FDEDB97}
	EndGlobalSection
EndGlobal
